
Microsoft Visual Studio Solution File, Format Version 12.00
# Visual Studio 15
VisualStudioVersion = 15.0.28010.2036
MinimumVisualStudioVersion = 10.0.40219.1
Project("{FAE04EC0-301F-11D3-BF4B-00C04F79EFBC}") = "ASPPatterns.Chap5.StrategyPattern.Model", "ASPPatterns.Chap5.StrategyPattern.Model\ASPPatterns.Chap5.StrategyPattern.Model.csproj", "{2D826C93-108E-4F4C-8AEB-6D37A13A2972}"
EndProject
Global
	GlobalSection(SolutionConfigurationPlatforms) = preSolution
		Debug|Any CPU = Debug|Any CPU
		Release|Any CPU = Release|Any CPU
	EndGlobalSection
	GlobalSection(ProjectConfigurationPlatforms) = postSolution
		{2D826C93-108E-4F4C-8AEB-6D37A13A2972}.Debug|Any CPU.ActiveCfg = Debug|Any CPU
		{2D826C93-108E-4F4C-8AEB-6D37A13A2972}.Debug|Any CPU.Build.0 = Debug|Any CPU
		{2D826C93-108E-4F4C-8AEB-6D37A13A2972}.Release|Any CPU.ActiveCfg = Release|Any CPU
		{2D826C93-108E-4F4C-8AEB-6D37A13A2972}.Release|Any CPU.Build.0 = Release|Any CPU
	EndGlobalSection
	GlobalSection(SolutionProperties) = preSolution
		HideSolutionNode = FALSE
	EndGlobalSection
	GlobalSection(ExtensibilityGlobals) = postSolution
		SolutionGuid = {76F5535D-55CD-481C-8DA9-BBBB75DA2541}
	EndGlobalSection
EndGlobal
