
Microsoft Visual Studio Solution File, Format Version 12.00
# Visual Studio 15
VisualStudioVersion = 15.0.28307.168
MinimumVisualStudioVersion = 10.0.40219.1
Project("{FAE04EC0-301F-11D3-BF4B-00C04F79EFBC}") = "Infrastructure", "Infrastructure\Infrastructure.csproj", "{D987BE7D-9442-4FD6-A9DF-8AC07BD709A9}"
EndProject
Project("{FAE04EC0-301F-11D3-BF4B-00C04F79EFBC}") = "Model", "Model\Model.csproj", "{3807E8A7-3973-46E9-8F9C-05278D63CF2D}"
EndProject
Project("{FAE04EC0-301F-11D3-BF4B-00C04F79EFBC}") = "Repository", "Repository\Repository.csproj", "{8F19520D-2E63-4189-B5BB-2978973CA46F}"
EndProject
Global
	GlobalSection(SolutionConfigurationPlatforms) = preSolution
		Debug|Any CPU = Debug|Any CPU
		Release|Any CPU = Release|Any CPU
	EndGlobalSection
	GlobalSection(ProjectConfigurationPlatforms) = postSolution
		{D987BE7D-9442-4FD6-A9DF-8AC07BD709A9}.Debug|Any CPU.ActiveCfg = Debug|Any CPU
		{D987BE7D-9442-4FD6-A9DF-8AC07BD709A9}.Debug|Any CPU.Build.0 = Debug|Any CPU
		{D987BE7D-9442-4FD6-A9DF-8AC07BD709A9}.Release|Any CPU.ActiveCfg = Release|Any CPU
		{D987BE7D-9442-4FD6-A9DF-8AC07BD709A9}.Release|Any CPU.Build.0 = Release|Any CPU
		{3807E8A7-3973-46E9-8F9C-05278D63CF2D}.Debug|Any CPU.ActiveCfg = Debug|Any CPU
		{3807E8A7-3973-46E9-8F9C-05278D63CF2D}.Debug|Any CPU.Build.0 = Debug|Any CPU
		{3807E8A7-3973-46E9-8F9C-05278D63CF2D}.Release|Any CPU.ActiveCfg = Release|Any CPU
		{3807E8A7-3973-46E9-8F9C-05278D63CF2D}.Release|Any CPU.Build.0 = Release|Any CPU
		{8F19520D-2E63-4189-B5BB-2978973CA46F}.Debug|Any CPU.ActiveCfg = Debug|Any CPU
		{8F19520D-2E63-4189-B5BB-2978973CA46F}.Debug|Any CPU.Build.0 = Debug|Any CPU
		{8F19520D-2E63-4189-B5BB-2978973CA46F}.Release|Any CPU.ActiveCfg = Release|Any CPU
		{8F19520D-2E63-4189-B5BB-2978973CA46F}.Release|Any CPU.Build.0 = Release|Any CPU
	EndGlobalSection
	GlobalSection(SolutionProperties) = preSolution
		HideSolutionNode = FALSE
	EndGlobalSection
	GlobalSection(ExtensibilityGlobals) = postSolution
		SolutionGuid = {BDA92F0D-9A03-45E8-BBBB-98B1EB668233}
	EndGlobalSection
EndGlobal
